
Microsoft Visual Studio Solution File, Format Version 12.00
# Visual Studio 15
VisualStudioVersion = 15.0.27004.2005
MinimumVisualStudioVersion = 10.0.40219.1
Project("{FAE04EC0-301F-11D3-BF4B-00C04F79EFBC}") = "HookDemo", "HookDemo\HookDemo.csproj", "{87273FE9-2361-4498-B2C1-7937C86F2E3A}"
EndProject
Global
	GlobalSection(SolutionConfigurationPlatforms) = preSolution
		Debug|Any CPU = Debug|Any CPU
		Release|Any CPU = Release|Any CPU
	EndGlobalSection
	GlobalSection(ProjectConfigurationPlatforms) = postSolution
		{87273FE9-2361-4498-B2C1-7937C86F2E3A}.Debug|Any CPU.ActiveCfg = Debug|Any CPU
		{87273FE9-2361-4498-B2C1-7937C86F2E3A}.Debug|Any CPU.Build.0 = Debug|Any CPU
		{87273FE9-2361-4498-B2C1-7937C86F2E3A}.Release|Any CPU.ActiveCfg = Release|Any CPU
		{87273FE9-2361-4498-B2C1-7937C86F2E3A}.Release|Any CPU.Build.0 = Release|Any CPU
	EndGlobalSection
	GlobalSection(SolutionProperties) = preSolution
		HideSolutionNode = FALSE
	EndGlobalSection
	GlobalSection(ExtensibilityGlobals) = postSolution
		SolutionGuid = {B802D0A6-D943-4A91-BAC0-96245278D314}
	EndGlobalSection
EndGlobal
